// !$*UTF8*$!
{
	archiveVersion = 1;
	classes = {
	};
	objectVersion = 77;
	objects = {

/* Begin PBXContainerItemProxy section */
		B3A17B362E40A19A00ACCA3A /* PBXContainerItemProxy */ = {
			isa = PBXContainerItemProxy;
			containerPortal = B3A17B172E40A19700ACCA3A /* Project object */;
			proxyType = 1;
			remoteGlobalIDString = B3A17B1E2E40A19700ACCA3A;
			remoteInfo = Aogaku;
		};
		B3A17B402E40A19A00ACCA3A /* PBXContainerItemProxy */ = {
			isa = PBXContainerItemProxy;
			containerPortal = B3A17B172E40A19700ACCA3A /* Project object */;
			proxyType = 1;
			remoteGlobalIDString = B3A17B1E2E40A19700ACCA3A;
			remoteInfo = Aogaku;
		};
/* End PBXContainerItemProxy section */

/* Begin PBXFileReference section */
		B3A17B1F2E40A19700ACCA3A /* Aogaku.app */ = {isa = PBXFileReference; explicitFileType = wrapper.application; includeInIndex = 0; path = Aogaku.app; sourceTree = BUILT_PRODUCTS_DIR; };
		B3A17B352E40A19A00ACCA3A /* AogakuTests.xctest */ = {isa = PBXFileReference; explicitFileType = wrapper.cfbundle; includeInIndex = 0; path = AogakuTests.xctest; sourceTree = BUILT_PRODUCTS_DIR; };
		B3A17B3F2E40A19A00ACCA3A /* AogakuUITests.xctest */ = {isa = PBXFileReference; explicitFileType = wrapper.cfbundle; includeInIndex = 0; path = AogakuUITests.xctest; sourceTree = BUILT_PRODUCTS_DIR; };
/* End PBXFileReference section */

/* Begin PBXFileSystemSynchronizedBuildFileExceptionSet section */
		B3A17B472E40A19A00ACCA3A /* Exceptions for "Aogaku" folder in "Aogaku" target */ = {
			isa = PBXFileSystemSynchronizedBuildFileExceptionSet;
			membershipExceptions = (
				Info.plist,
			);
			target = B3A17B1E2E40A19700ACCA3A /* Aogaku */;
		};
/* End PBXFileSystemSynchronizedBuildFileExceptionSet section */

/* Begin PBXFileSystemSynchronizedRootGroup section */
		B3A17B212E40A19700ACCA3A /* Aogaku */ = {
			isa = PBXFileSystemSynchronizedRootGroup;
			exceptions = (
				B3A17B472E40A19A00ACCA3A /* Exceptions for "Aogaku" folder in "Aogaku" target */,
			);
			path = Aogaku;
			sourceTree = "<group>";
		};
		B3A17B382E40A19A00ACCA3A /* AogakuTests */ = {
			isa = PBXFileSystemSynchronizedRootGroup;
			path = AogakuTests;
			sourceTree = "<group>";
		};
		B3A17B422E40A19A00ACCA3A /* AogakuUITests */ = {
			isa = PBXFileSystemSynchronizedRootGroup;
			path = AogakuUITests;
			sourceTree = "<group>";
		};
/* End PBXFileSystemSynchronizedRootGroup section */

/* Begin PBXFrameworksBuildPhase section */
		B3A17B1C2E40A19700ACCA3A /* Frameworks */ = {
			isa = PBXFrameworksBuildPhase;
			buildActionMask = 2147483647;
			files = (
			);
			runOnlyForDeploymentPostprocessing = 0;
		};
		B3A17B322E40A19A00ACCA3A /* Frameworks */ = {
			isa = PBXFrameworksBuildPhase;
			buildActionMask = 2147483647;
			files = (
			);
			runOnlyForDeploymentPostprocessing = 0;
		};
		B3A17B3C2E40A19A00ACCA3A /* Frameworks */ = {
			isa = PBXFrameworksBuildPhase;
			buildActionMask = 2147483647;
			files = (
			);
			runOnlyForDeploymentPostprocessing = 0;
		};
/* End PBXFrameworksBuildPhase section */

/* Begin PBXGroup section */
		B3A17B162E40A19700ACCA3A = {
			isa = PBXGroup;
			children = (
				B3A17B212E40A19700ACCA3A /* Aogaku */,
				B3A17B382E40A19A00ACCA3A /* AogakuTests */,
				B3A17B422E40A19A00ACCA3A /* AogakuUITests */,
				B3A17B202E40A19700ACCA3A /* Products */,
			);
			sourceTree = "<group>";
		};
		B3A17B202E40A19700ACCA3A /* Products */ = {
			isa = PBXGroup;
			children = (
				B3A17B1F2E40A19700ACCA3A /* Aogaku.app */,
				B3A17B352E40A19A00ACCA3A /* AogakuTests.xctest */,
				B3A17B3F2E40A19A00ACCA3A /* AogakuUITests.xctest */,
			);
			name = Products;
			sourceTree = "<group>";
		};
/* End PBXGroup section */

/* Begin PBXNativeTarget section */
		B3A17B1E2E40A19700ACCA3A /* Aogaku */ = {
			isa = PBXNativeTarget;
			buildConfigurationList = B3A17B482E40A19A00ACCA3A /* Build configuration list for PBXNativeTarget "Aogaku" */;
			buildPhases = (
				B3A17B1B2E40A19700ACCA3A /* Sources */,
				B3A17B1C2E40A19700ACCA3A /* Frameworks */,
				B3A17B1D2E40A19700ACCA3A /* Resources */,
			);
			buildRules = (
			);
			dependencies = (
			);
			fileSystemSynchronizedGroups = (
				B3A17B212E40A19700ACCA3A /* Aogaku */,
			);
			name = Aogaku;
			packageProductDependencies = (
			);
			productName = Aogaku;
			productReference = B3A17B1F2E40A19700ACCA3A /* Aogaku.app */;
			productType = "com.apple.product-type.application";
		};
		B3A17B342E40A19A00ACCA3A /* AogakuTests */ = {
			isa = PBXNativeTarget;
			buildConfigurationList = B3A17B4D2E40A19A00ACCA3A /* Build configuration list for PBXNativeTarget "AogakuTests" */;
			buildPhases = (
				B3A17B312E40A19A00ACCA3A /* Sources */,
				B3A17B322E40A19A00ACCA3A /* Frameworks */,
				B3A17B332E40A19A00ACCA3A /* Resources */,
			);
			buildRules = (
			);
			dependencies = (
				B3A17B372E40A19A00ACCA3A /* PBXTargetDependency */,
			);
			fileSystemSynchronizedGroups = (
				B3A17B382E40A19A00ACCA3A /* AogakuTests */,
			);
			name = AogakuTests;
			packageProductDependencies = (
			);
			productName = AogakuTests;
			productReference = B3A17B352E40A19A00ACCA3A /* AogakuTests.xctest */;
			productType = "com.apple.product-type.bundle.unit-test";
		};
		B3A17B3E2E40A19A00ACCA3A /* AogakuUITests */ = {
			isa = PBXNativeTarget;
			buildConfigurationList = B3A17B502E40A19A00ACCA3A /* Build configuration list for PBXNativeTarget "AogakuUITests" */;
			buildPhases = (
				B3A17B3B2E40A19A00ACCA3A /* Sources */,
				B3A17B3C2E40A19A00ACCA3A /* Frameworks */,
				B3A17B3D2E40A19A00ACCA3A /* Resources */,
			);
			buildRules = (
			);
			dependencies = (
				B3A17B412E40A19A00ACCA3A /* PBXTargetDependency */,
			);
			fileSystemSynchronizedGroups = (
				B3A17B422E40A19A00ACCA3A /* AogakuUITests */,
			);
			name = AogakuUITests;
			packageProductDependencies = (
			);
			productName = AogakuUITests;
			productReference = B3A17B3F2E40A19A00ACCA3A /* AogakuUITests.xctest */;
			productType = "com.apple.product-type.bundle.ui-testing";
		};
/* End PBXNativeTarget section */

/* Begin PBXProject section */
		B3A17B172E40A19700ACCA3A /* Project object */ = {
			isa = PBXProject;
			attributes = {
				BuildIndependentTargetsInParallel = 1;
				LastSwiftUpdateCheck = 1640;
				LastUpgradeCheck = 1640;
				TargetAttributes = {
					B3A17B1E2E40A19700ACCA3A = {
						CreatedOnToolsVersion = 16.4;
					};
					B3A17B342E40A19A00ACCA3A = {
						CreatedOnToolsVersion = 16.4;
						TestTargetID = B3A17B1E2E40A19700ACCA3A;
					};
					B3A17B3E2E40A19A00ACCA3A = {
						CreatedOnToolsVersion = 16.4;
						TestTargetID = B3A17B1E2E40A19700ACCA3A;
					};
				};
			};
			buildConfigurationList = B3A17B1A2E40A19700ACCA3A /* Build configuration list for PBXProject "Aogaku" */;
			developmentRegion = en;
			hasScannedForEncodings = 0;
			knownRegions = (
				en,
				Base,
			);
			mainGroup = B3A17B162E40A19700ACCA3A;
			minimizedProjectReferenceProxies = 1;
			preferredProjectObjectVersion = 77;
			productRefGroup = B3A17B202E40A19700ACCA3A /* Products */;
			projectDirPath = "";
			projectRoot = "";
			targets = (
				B3A17B1E2E40A19700ACCA3A /* Aogaku */,
				B3A17B342E40A19A00ACCA3A /* AogakuTests */,
				B3A17B3E2E40A19A00ACCA3A /* AogakuUITests */,
			);
		};
/* End PBXProject section */

/* Begin PBXResourcesBuildPhase section */
		B3A17B1D2E40A19700ACCA3A /* Resources */ = {
			isa = PBXResourcesBuildPhase;
			buildActionMask = 2147483647;
			files = (
			);
			runOnlyForDeploymentPostprocessing = 0;
		};
		B3A17B332E40A19A00ACCA3A /* Resources */ = {
			isa = PBXResourcesBuildPhase;
			buildActionMask = 2147483647;
			files = (
			);
			runOnlyForDeploymentPostprocessing = 0;
		};
		B3A17B3D2E40A19A00ACCA3A /* Resources */ = {
			isa = PBXResourcesBuildPhase;
			buildActionMask = 2147483647;
			files = (
			);
			runOnlyForDeploymentPostprocessing = 0;
		};
/* End PBXResourcesBuildPhase section */

/* Begin PBXSourcesBuildPhase section */
		B3A17B1B2E40A19700ACCA3A /* Sources */ = {
			isa = PBXSourcesBuildPhase;
			buildActionMask = 2147483647;
			files = (
			);
			runOnlyForDeploymentPostprocessing = 0;
		};
		B3A17B312E40A19A00ACCA3A /* Sources */ = {
			isa = PBXSourcesBuildPhase;
			buildActionMask = 2147483647;
			files = (
			);
			runOnlyForDeploymentPostprocessing = 0;
		};
		B3A17B3B2E40A19A00ACCA3A /* Sources */ = {
			isa = PBXSourcesBuildPhase;
			buildActionMask = 2147483647;
			files = (
			);
			runOnlyForDeploymentPostprocessing = 0;
		};
/* End PBXSourcesBuildPhase section */

/* Begin PBXTargetDependency section */
		B3A17B372E40A19A00ACCA3A /* PBXTargetDependency */ = {
			isa = PBXTargetDependency;
			target = B3A17B1E2E40A19700ACCA3A /* Aogaku */;
			targetProxy = B3A17B362E40A19A00ACCA3A /* PBXContainerItemProxy */;
		};
		B3A17B412E40A19A00ACCA3A /* PBXTargetDependency */ = {
			isa = PBXTargetDependency;
			target = B3A17B1E2E40A19700ACCA3A /* Aogaku */;
			targetProxy = B3A17B402E40A19A00ACCA3A /* PBXContainerItemProxy */;
		};
/* End PBXTargetDependency section */

/* Begin XCBuildConfiguration section */
		B3A17B492E40A19A00ACCA3A /* Debug */ = {
			isa = XCBuildConfiguration;
			buildSettings = {
				ASSETCATALOG_COMPILER_APPICON_NAME = AppIcon;
				ASSETCATALOG_COMPILER_GLOBAL_ACCENT_COLOR_NAME = AccentColor;
				CODE_SIGN_STYLE = Automatic;
				CURRENT_PROJECT_VERSION = 1;
				GENERATE_INFOPLIST_FILE = YES;
				INFOPLIST_FILE = Aogaku/Info.plist;
				INFOPLIST_KEY_UIApplicationSupportsIndirectInputEvents = YES;
				INFOPLIST_KEY_UILaunchStoryboardName = LaunchScreen;
				INFOPLIST_KEY_UIMainStoryboardFile = Main;
				INFOPLIST_KEY_UISupportedInterfaceOrientations_iPad = "UIInterfaceOrientationPortrait UIInterfaceOrientationPortraitUpsideDown UIInterfaceOrientationLandscapeLeft UIInterfaceOrientationLandscapeRight";
				INFOPLIST_KEY_UISupportedInterfaceOrientations_iPhone = "UIInterfaceOrientationPortrait UIInterfaceOrientationLandscapeLeft UIInterfaceOrientationLandscapeRight";
				LD_RUNPATH_SEARCH_PATHS = (
					"$(inherited)",
					"@executable_path/Frameworks",
				);
				MARKETING_VERSION = 1.0;
				PRODUCT_BUNDLE_IDENTIFIER = com.forta2k25.Aogaku;
				PRODUCT_NAME = "$(TARGET_NAME)";
				SWIFT_EMIT_LOC_STRINGS = YES;
				SWIFT_VERSION = 5.0;
				TARGETED_DEVICE_FAMILY = "1,2";
			};
			name = Debug;
		};
		B3A17B4A2E40A19A00ACCA3A /* Release */ = {
			isa = XCBuildConfiguration;
			buildSettings = {
				ASSETCATALOG_COMPILER_APPICON_NAME = AppIcon;
				ASSETCATALOG_COMPILER_GLOBAL_ACCENT_COLOR_NAME = AccentColor;
				CODE_SIGN_STYLE = Automatic;
				CURRENT_PROJECT_VERSION = 1;
				GENERATE_INFOPLIST_FILE = YES;
				INFOPLIST_FILE = Aogaku/Info.plist;
				INFOPLIST_KEY_UIApplicationSupportsIndirectInputEvents = YES;
				INFOPLIST_KEY_UILaunchStoryboardName = LaunchScreen;
				INFOPLIST_KEY_UIMainStoryboardFile = Main;
				INFOPLIST_KEY_UISupportedInterfaceOrientations_iPad = "UIInterfaceOrientationPortrait UIInterfaceOrientationPortraitUpsideDown UIInterfaceOrientationLandscapeLeft UIInterfaceOrientationLandscapeRight";
				INFOPLIST_KEY_UISupportedInterfaceOrientations_iPhone = "UIInterfaceOrientationPortrait UIInterfaceOrientationLandscapeLeft UIInterfaceOrientationLandscapeRight";
				LD_RUNPATH_SEARCH_PATHS = (
					"$(inherited)",
					"@executable_path/Frameworks",
				);
				MARKETING_VERSION = 1.0;
				PRODUCT_BUNDLE_IDENTIFIER = com.forta2k25.Aogaku;
				PRODUCT_NAME = "$(TARGET_NAME)";
				SWIFT_EMIT_LOC_STRINGS = YES;
				SWIFT_VERSION = 5.0;
				TARGETED_DEVICE_FAMILY = "1,2";
			};
			name = Release;
		};
		B3A17B4B2E40A19A00ACCA3A /* Debug */ = {
			isa = XCBuildConfiguration;
			buildSettings = {
				ALWAYS_SEARCH_USER_PATHS = NO;
				ASSETCATALOG_COMPILER_GENERATE_SWIFT_ASSET_SYMBOL_EXTENSIONS = YES;
				CLANG_ANALYZER_NONNULL = YES;
				CLANG_ANALYZER_NUMBER_OBJECT_CONVERSION = YES_AGGRESSIVE;
				CLANG_CXX_LANGUAGE_STANDARD = "gnu++20";
				CLANG_ENABLE_MODULES = YES;
				CLANG_ENABLE_OBJC_ARC = YES;
				CLANG_ENABLE_OBJC_WEAK = YES;
				CLANG_WARN_BLOCK_CAPTURE_AUTORELEASING = YES;
				CLANG_WARN_BOOL_CONVERSION = YES;
				CLANG_WARN_COMMA = YES;
				CLANG_WARN_CONSTANT_CONVERSION = YES;
				CLANG_WARN_DEPRECATED_OBJC_IMPLEMENTATIONS = YES;
				CLANG_WARN_DIRECT_OBJC_ISA_USAGE = YES_ERROR;
				CLANG_WARN_DOCUMENTATION_COMMENTS = YES;
				CLANG_WARN_EMPTY_BODY = YES;
				CLANG_WARN_ENUM_CONVERSION = YES;
				CLANG_WARN_INFINITE_RECURSION = YES;
				CLANG_WARN_INT_CONVERSION = YES;
				CLANG_WARN_NON_LITERAL_NULL_CONVERSION = YES;
				CLANG_WARN_OBJC_IMPLICIT_RETAIN_SELF = YES;
				CLANG_WARN_OBJC_LITERAL_CONVERSION = YES;
				CLANG_WARN_OBJC_ROOT_CLASS = YES_ERROR;
				CLANG_WARN_QUOTED_INCLUDE_IN_FRAMEWORK_HEADER = YES;
				CLANG_WARN_RANGE_LOOP_ANALYSIS = YES;
				CLANG_WARN_STRICT_PROTOTYPES = YES;
				CLANG_WARN_SUSPICIOUS_MOVE = YES;
				CLANG_WARN_UNGUARDED_AVAILABILITY = YES_AGGRESSIVE;
				CLANG_WARN_UNREACHABLE_CODE = YES;
				CLANG_WARN__DUPLICATE_METHOD_MATCH = YES;
				COPY_PHASE_STRIP = NO;
				DEBUG_INFORMATION_FORMAT = dwarf;
				ENABLE_STRICT_OBJC_MSGSEND = YES;
				ENABLE_TESTABILITY = YES;
				ENABLE_USER_SCRIPT_SANDBOXING = YES;
				GCC_C_LANGUAGE_STANDARD = gnu17;
				GCC_DYNAMIC_NO_PIC = NO;
				GCC_NO_COMMON_BLOCKS = YES;
				GCC_OPTIMIZATION_LEVEL = 0;
				GCC_PREPROCESSOR_DEFINITIONS = (
					"DEBUG=1",
					"$(inherited)",
				);
				GCC_WARN_64_TO_32_BIT_CONVERSION = YES;
				GCC_WARN_ABOUT_RETURN_TYPE = YES_ERROR;
				GCC_WARN_UNDECLARED_SELECTOR = YES;
				GCC_WARN_UNINITIALIZED_AUTOS = YES_AGGRESSIVE;
				GCC_WARN_UNUSED_FUNCTION = YES;
				GCC_WARN_UNUSED_VARIABLE = YES;
				IPHONEOS_DEPLOYMENT_TARGET = 18.5;
				LOCALIZATION_PREFERS_STRING_CATALOGS = YES;
				MTL_ENABLE_DEBUG_INFO = INCLUDE_SOURCE;
				MTL_FAST_MATH = YES;
				ONLY_ACTIVE_ARCH = YES;
				SDKROOT = iphoneos;
				SWIFT_ACTIVE_COMPILATION_CONDITIONS = "DEBUG $(inherited)";
				SWIFT_OPTIMIZATION_LEVEL = "-Onone";
			};
			name = Debug;
		};
		B3A17B4C2E40A19A00ACCA3A /* Release */ = {
			isa = XCBuildConfiguration;
			buildSettings = {
				ALWAYS_SEARCH_USER_PATHS = NO;
				ASSETCATALOG_COMPILER_GENERATE_SWIFT_ASSET_SYMBOL_EXTENSIONS = YES;
				CLANG_ANALYZER_NONNULL = YES;
				CLANG_ANALYZER_NUMBER_OBJECT_CONVERSION = YES_AGGRESSIVE;
				CLANG_CXX_LANGUAGE_STANDARD = "gnu++20";
				CLANG_ENABLE_MODULES = YES;
				CLANG_ENABLE_OBJC_ARC = YES;
				CLANG_ENABLE_OBJC_WEAK = YES;
				CLANG_WARN_BLOCK_CAPTURE_AUTORELEASING = YES;
				CLANG_WARN_BOOL_CONVERSION = YES;
				CLANG_WARN_COMMA = YES;
				CLANG_WARN_CONSTANT_CONVERSION = YES;
				CLANG_WARN_DEPRECATED_OBJC_IMPLEMENTATIONS = YES;
				CLANG_WARN_DIRECT_OBJC_ISA_USAGE = YES_ERROR;
				CLANG_WARN_DOCUMENTATION_COMMENTS = YES;
				CLANG_WARN_EMPTY_BODY = YES;
				CLANG_WARN_ENUM_CONVERSION = YES;
				CLANG_WARN_INFINITE_RECURSION = YES;
				CLANG_WARN_INT_CONVERSION = YES;
				CLANG_WARN_NON_LITERAL_NULL_CONVERSION = YES;
				CLANG_WARN_OBJC_IMPLICIT_RETAIN_SELF = YES;
				CLANG_WARN_OBJC_LITERAL_CONVERSION = YES;
				CLANG_WARN_OBJC_ROOT_CLASS = YES_ERROR;
				CLANG_WARN_QUOTED_INCLUDE_IN_FRAMEWORK_HEADER = YES;
				CLANG_WARN_RANGE_LOOP_ANALYSIS = YES;
				CLANG_WARN_STRICT_PROTOTYPES = YES;
				CLANG_WARN_SUSPICIOUS_MOVE = YES;
				CLANG_WARN_UNGUARDED_AVAILABILITY = YES_AGGRESSIVE;
				CLANG_WARN_UNREACHABLE_CODE = YES;
				CLANG_WARN__DUPLICATE_METHOD_MATCH = YES;
				COPY_PHASE_STRIP = NO;
				DEBUG_INFORMATION_FORMAT = "dwarf-with-dsym";
				ENABLE_NS_ASSERTIONS = NO;
				ENABLE_STRICT_OBJC_MSGSEND = YES;
				ENABLE_USER_SCRIPT_SANDBOXING = YES;
				GCC_C_LANGUAGE_STANDARD = gnu17;
				GCC_NO_COMMON_BLOCKS = YES;
				GCC_WARN_64_TO_32_BIT_CONVERSION = YES;
				GCC_WARN_ABOUT_RETURN_TYPE = YES_ERROR;
				GCC_WARN_UNDECLARED_SELECTOR = YES;
				GCC_WARN_UNINITIALIZED_AUTOS = YES_AGGRESSIVE;
				GCC_WARN_UNUSED_FUNCTION = YES;
				GCC_WARN_UNUSED_VARIABLE = YES;
				IPHONEOS_DEPLOYMENT_TARGET = 18.5;
				LOCALIZATION_PREFERS_STRING_CATALOGS = YES;
				MTL_ENABLE_DEBUG_INFO = NO;
				MTL_FAST_MATH = YES;
				SDKROOT = iphoneos;
				SWIFT_COMPILATION_MODE = wholemodule;
				VALIDATE_PRODUCT = YES;
			};
			name = Release;
		};
		B3A17B4E2E40A19A00ACCA3A /* Debug */ = {
			isa = XCBuildConfiguration;
			buildSettings = {
				BUNDLE_LOADER = "$(TEST_HOST)";
				CODE_SIGN_STYLE = Automatic;
				CURRENT_PROJECT_VERSION = 1;
				GENERATE_INFOPLIST_FILE = YES;
				IPHONEOS_DEPLOYMENT_TARGET = 18.5;
				MARKETING_VERSION = 1.0;
				PRODUCT_BUNDLE_IDENTIFIER = com.forta2k25.AogakuTests;
				PRODUCT_NAME = "$(TARGET_NAME)";
				SWIFT_EMIT_LOC_STRINGS = NO;
				SWIFT_VERSION = 5.0;
				TARGETED_DEVICE_FAMILY = "1,2";
				TEST_HOST = "$(BUILT_PRODUCTS_DIR)/Aogaku.app/$(BUNDLE_EXECUTABLE_FOLDER_PATH)/Aogaku";
			};
			name = Debug;
		};
		B3A17B4F2E40A19A00ACCA3A /* Release */ = {
			isa = XCBuildConfiguration;
			buildSettings = {
				BUNDLE_LOADER = "$(TEST_HOST)";
				CODE_SIGN_STYLE = Automatic;
				CURRENT_PROJECT_VERSION = 1;
				GENERATE_INFOPLIST_FILE = YES;
				IPHONEOS_DEPLOYMENT_TARGET = 18.5;
				MARKETING_VERSION = 1.0;
				PRODUCT_BUNDLE_IDENTIFIER = com.forta2k25.AogakuTests;
				PRODUCT_NAME = "$(TARGET_NAME)";
				SWIFT_EMIT_LOC_STRINGS = NO;
				SWIFT_VERSION = 5.0;
				TARGETED_DEVICE_FAMILY = "1,2";
				TEST_HOST = "$(BUILT_PRODUCTS_DIR)/Aogaku.app/$(BUNDLE_EXECUTABLE_FOLDER_PATH)/Aogaku";
			};
			name = Release;
		};
		B3A17B512E40A19A00ACCA3A /* Debug */ = {
			isa = XCBuildConfiguration;
			buildSettings = {
				CODE_SIGN_STYLE = Automatic;
				CURRENT_PROJECT_VERSION = 1;
				GENERATE_INFOPLIST_FILE = YES;
				MARKETING_VERSION = 1.0;
				PRODUCT_BUNDLE_IDENTIFIER = com.forta2k25.AogakuUITests;
				PRODUCT_NAME = "$(TARGET_NAME)";
				SWIFT_EMIT_LOC_STRINGS = NO;
				SWIFT_VERSION = 5.0;
				TARGETED_DEVICE_FAMILY = "1,2";
				TEST_TARGET_NAME = Aogaku;
			};
			name = Debug;
		};
		B3A17B522E40A19A00ACCA3A /* Release */ = {
			isa = XCBuildConfiguration;
			buildSettings = {
				CODE_SIGN_STYLE = Automatic;
				CURRENT_PROJECT_VERSION = 1;
				GENERATE_INFOPLIST_FILE = YES;
				MARKETING_VERSION = 1.0;
				PRODUCT_BUNDLE_IDENTIFIER = com.forta2k25.AogakuUITests;
				PRODUCT_NAME = "$(TARGET_NAME)";
				SWIFT_EMIT_LOC_STRINGS = NO;
				SWIFT_VERSION = 5.0;
				TARGETED_DEVICE_FAMILY = "1,2";
				TEST_TARGET_NAME = Aogaku;
			};
			name = Release;
		};
/* End XCBuildConfiguration section */

/* Begin XCConfigurationList section */
		B3A17B1A2E40A19700ACCA3A /* Build configuration list for PBXProject "Aogaku" */ = {
			isa = XCConfigurationList;
			buildConfigurations = (
				B3A17B4B2E40A19A00ACCA3A /* Debug */,
				B3A17B4C2E40A19A00ACCA3A /* Release */,
			);
			defaultConfigurationIsVisible = 0;
			defaultConfigurationName = Release;
		};
		B3A17B482E40A19A00ACCA3A /* Build configuration list for PBXNativeTarget "Aogaku" */ = {
			isa = XCConfigurationList;
			buildConfigurations = (
				B3A17B492E40A19A00ACCA3A /* Debug */,
				B3A17B4A2E40A19A00ACCA3A /* Release */,
			);
			defaultConfigurationIsVisible = 0;
			defaultConfigurationName = Release;
		};
		B3A17B4D2E40A19A00ACCA3A /* Build configuration list for PBXNativeTarget "AogakuTests" */ = {
			isa = XCConfigurationList;
			buildConfigurations = (
				B3A17B4E2E40A19A00ACCA3A /* Debug */,
				B3A17B4F2E40A19A00ACCA3A /* Release */,
			);
			defaultConfigurationIsVisible = 0;
			defaultConfigurationName = Release;
		};
		B3A17B502E40A19A00ACCA3A /* Build configuration list for PBXNativeTarget "AogakuUITests" */ = {
			isa = XCConfigurationList;
			buildConfigurations = (
				B3A17B512E40A19A00ACCA3A /* Debug */,
				B3A17B522E40A19A00ACCA3A /* Release */,
			);
			defaultConfigurationIsVisible = 0;
			defaultConfigurationName = Release;
		};
/* End XCConfigurationList section */
	};
	rootObject = B3A17B172E40A19700ACCA3A /* Project object */;
}
